
Microsoft Visual Studio Solution File, Format Version 12.00
# Visual Studio Version 17
VisualStudioVersion = 17.5.33530.505
MinimumVisualStudioVersion = 10.0.40219.1
Project("{FAE04EC0-301F-11D3-BF4B-00C04F79EFBC}") = "SMOOWebController", "SMOOWebController.csproj", "{2FE6FEF2-B1DA-446F-A762-6079CE3AEFFB}"
EndProject
Global
	GlobalSection(SolutionConfigurationPlatforms) = preSolution
		Debug|Any CPU = Debug|Any CPU
		Release|Any CPU = Release|Any CPU
	EndGlobalSection
	GlobalSection(ProjectConfigurationPlatforms) = postSolution
		{2FE6FEF2-B1DA-446F-A762-6079CE3AEFFB}.Debug|Any CPU.ActiveCfg = Debug|Any CPU
		{2FE6FEF2-B1DA-446F-A762-6079CE3AEFFB}.Debug|Any CPU.Build.0 = Debug|Any CPU
		{2FE6FEF2-B1DA-446F-A762-6079CE3AEFFB}.Release|Any CPU.ActiveCfg = Release|Any CPU
		{2FE6FEF2-B1DA-446F-A762-6079CE3AEFFB}.Release|Any CPU.Build.0 = Release|Any CPU
	EndGlobalSection
	GlobalSection(SolutionProperties) = preSolution
		HideSolutionNode = FALSE
	EndGlobalSection
	GlobalSection(ExtensibilityGlobals) = postSolution
		SolutionGuid = {F8E367A4-E6BC-4AFC-B4ED-CB1D1CFDBDA0}
	EndGlobalSection
EndGlobal
